{
  "version": 4,
  "terraform_version": "1.4.2",
  "serial": 1060,
  "lineage": "5922c41e-0745-e8d6-ee5b-3c9f2c40b57e",
  "outputs": {
    "bucket_names": {
      "value": [
        "lhannah-sink-dev",
        "lhannah-sink-state-backup-dev"
      ],
      "type": [
        "tuple",
        [
          "string",
          "string"
        ]
      ]
    },
    "dataset_name": {
      "value": "dev_lhannah_dataset_test",
      "type": "string"
    },
    "email": {
      "value": "service-659189813226@gs-project-accounts.iam.gserviceaccount.com",
      "type": "string"
    },
    "pubsub_subscriptions": {
      "value": [
        "lhannah-ps-df-test-sub",
        "lhannah-ps-df-test-sub-file",
        "lhannah-ps-df-test-sub-state"
      ],
      "type": [
        "tuple",
        [
          "string",
          "string",
          "string"
        ]
      ]
    },
    "pubsub_topics": {
      "value": [
        "lhannah-ps-df-test-topic",
        "lhannah-ps-df-test-topic-file",
        "lhannah-ps-df-test-topic-state"
      ],
      "type": [
        "tuple",
        [
          "string",
          "string",
          "string"
        ]
      ]
    },
    "table_names": {
      "value": [
        "dev_BudgetRates",
        "dev_DataControl",
        "dev_DataControl_backup",
        "dev_LhannahPsDfTest",
        "dev_StorageTransferRunResults"
      ],
      "type": [
        "tuple",
        [
          "string",
          "string",
          "string",
          "string",
          "string"
        ]
      ]
    }
  },
  "resources": [
    {
      "mode": "data",
      "type": "google_storage_project_service_account",
      "name": "default",
      "provider": "provider[\"registry.terraform.io/hashicorp/google\"]",
      "instances": [
        {
          "schema_version": 0,
          "attributes": {
            "email_address": "service-659189813226@gs-project-accounts.iam.gserviceaccount.com",
            "id": "service-659189813226@gs-project-accounts.iam.gserviceaccount.com",
            "member": "serviceAccount:service-659189813226@gs-project-accounts.iam.gserviceaccount.com",
            "project": "mstr-globalbi-sbx-c730",
            "user_project": null
          },
          "sensitive_attributes": []
        }
      ]
    },
    {
      "mode": "data",
      "type": "google_storage_transfer_project_service_account",
      "name": "default",
      "provider": "provider[\"registry.terraform.io/hashicorp/google\"]",
      "instances": [
        {
          "schema_version": 0,
          "attributes": {
            "email": "project-659189813226@storage-transfer-service.iam.gserviceaccount.com",
            "id": "project-659189813226@storage-transfer-service.iam.gserviceaccount.com",
            "member": "serviceAccount:project-659189813226@storage-transfer-service.iam.gserviceaccount.com",
            "project": "mstr-globalbi-sbx-c730",
            "subject_id": "115199134689668345522"
          },
          "sensitive_attributes": []
        }
      ]
    },
    {
      "mode": "managed",
      "type": "google_pubsub_subscription",
      "name": "sub",
      "provider": "provider[\"registry.terraform.io/hashicorp/google\"]",
      "instances": [
        {
          "index_key": "code",
          "schema_version": 0,
          "attributes": {
            "ack_deadline_seconds": 60,
            "bigquery_config": [],
            "cloud_storage_config": [],
            "dead_letter_policy": [],
            "effective_labels": {},
            "enable_exactly_once_delivery": false,
            "enable_message_ordering": true,
            "expiration_policy": [
              {
                "ttl": "2678400s"
              }
            ],
            "filter": "",
            "id": "projects/mstr-globalbi-sbx-c730/subscriptions/lhannah-ps-df-test-sub",
            "labels": {},
            "message_retention_duration": "86400s",
            "name": "lhannah-ps-df-test-sub",
            "project": "mstr-globalbi-sbx-c730",
            "push_config": [],
            "retain_acked_messages": false,
            "retry_policy": [
              {
                "maximum_backoff": "600s",
                "minimum_backoff": "10s"
              }
            ],
            "terraform_labels": {},
            "timeouts": null,
            "topic": "projects/mstr-globalbi-sbx-c730/topics/lhannah-ps-df-test-topic"
          },
          "sensitive_attributes": [],
          "private": "eyJlMmJmYjczMC1lY2FhLTExZTYtOGY4OC0zNDM2M2JjN2M0YzAiOnsiY3JlYXRlIjoxMjAwMDAwMDAwMDAwLCJkZWxldGUiOjEyMDAwMDAwMDAwMDAsInVwZGF0ZSI6MTIwMDAwMDAwMDAwMH19",
          "dependencies": [
            "google_pubsub_topic.topic"
          ]
        },
        {
          "index_key": "file",
          "schema_version": 0,
          "attributes": {
            "ack_deadline_seconds": 60,
            "bigquery_config": [],
            "cloud_storage_config": [],
            "dead_letter_policy": [],
            "effective_labels": {},
            "enable_exactly_once_delivery": false,
            "enable_message_ordering": true,
            "expiration_policy": [
              {
                "ttl": "2678400s"
              }
            ],
            "filter": "",
            "id": "projects/mstr-globalbi-sbx-c730/subscriptions/lhannah-ps-df-test-sub-file",
            "labels": {},
            "message_retention_duration": "86400s",
            "name": "lhannah-ps-df-test-sub-file",
            "project": "mstr-globalbi-sbx-c730",
            "push_config": [],
            "retain_acked_messages": false,
            "retry_policy": [
              {
                "maximum_backoff": "600s",
                "minimum_backoff": "10s"
              }
            ],
            "terraform_labels": {},
            "timeouts": null,
            "topic": "projects/mstr-globalbi-sbx-c730/topics/lhannah-ps-df-test-topic-file"
          },
          "sensitive_attributes": [],
          "private": "eyJlMmJmYjczMC1lY2FhLTExZTYtOGY4OC0zNDM2M2JjN2M0YzAiOnsiY3JlYXRlIjoxMjAwMDAwMDAwMDAwLCJkZWxldGUiOjEyMDAwMDAwMDAwMDAsInVwZGF0ZSI6MTIwMDAwMDAwMDAwMH19",
          "dependencies": [
            "google_pubsub_topic.topic"
          ]
        },
        {
          "index_key": "state",
          "schema_version": 0,
          "attributes": {
            "ack_deadline_seconds": 60,
            "bigquery_config": [],
            "cloud_storage_config": [],
            "dead_letter_policy": [],
            "effective_labels": {},
            "enable_exactly_once_delivery": false,
            "enable_message_ordering": true,
            "expiration_policy": [
              {
                "ttl": "2678400s"
              }
            ],
            "filter": "",
            "id": "projects/mstr-globalbi-sbx-c730/subscriptions/lhannah-ps-df-test-sub-state",
            "labels": {},
            "message_retention_duration": "86400s",
            "name": "lhannah-ps-df-test-sub-state",
            "project": "mstr-globalbi-sbx-c730",
            "push_config": [],
            "retain_acked_messages": false,
            "retry_policy": [
              {
                "maximum_backoff": "600s",
                "minimum_backoff": "10s"
              }
            ],
            "terraform_labels": {},
            "timeouts": null,
            "topic": "projects/mstr-globalbi-sbx-c730/topics/lhannah-ps-df-test-topic-state"
          },
          "sensitive_attributes": [],
          "private": "eyJlMmJmYjczMC1lY2FhLTExZTYtOGY4OC0zNDM2M2JjN2M0YzAiOnsiY3JlYXRlIjoxMjAwMDAwMDAwMDAwLCJkZWxldGUiOjEyMDAwMDAwMDAwMDAsInVwZGF0ZSI6MTIwMDAwMDAwMDAwMH19",
          "dependencies": [
            "google_pubsub_topic.topic"
          ]
        }
      ]
    },
    {
      "mode": "managed",
      "type": "google_pubsub_subscription_iam_member",
      "name": "pubsub_subscriber_st",
      "provider": "provider[\"registry.terraform.io/hashicorp/google\"]",
      "instances": [
        {
          "schema_version": 0,
          "attributes": {
            "condition": [],
            "etag": "BwYKpwpdnBk=",
            "id": "projects/mstr-globalbi-sbx-c730/subscriptions/lhannah-ps-df-test-sub-state/roles/pubsub.subscriber/serviceAccount:project-659189813226@storage-transfer-service.iam.gserviceaccount.com",
            "member": "serviceAccount:project-659189813226@storage-transfer-service.iam.gserviceaccount.com",
            "project": null,
            "role": "roles/pubsub.subscriber",
            "subscription": "lhannah-ps-df-test-sub-state"
          },
          "sensitive_attributes": [],
          "private": "bnVsbA==",
          "dependencies": [
            "data.google_storage_transfer_project_service_account.default",
            "google_pubsub_topic.topic",
            "google_pubsub_topic_iam_member.pubsub_publisher_st"
          ]
        }
      ]
    },
    {
      "mode": "managed",
      "type": "google_pubsub_topic",
      "name": "topic",
      "provider": "provider[\"registry.terraform.io/hashicorp/google\"]",
      "instances": [
        {
          "index_key": "code",
          "schema_version": 0,
          "attributes": {
            "effective_labels": {
              "application": "globalbi",
              "creator": "lee_hannah_at_monster_co_uk",
              "dtap": "sbx",
              "name": "lhannah-ps-df-test-topic",
              "opco": "mstr",
              "owner": "lee_hannah_at_monster_co_uk"
            },
            "id": "projects/mstr-globalbi-sbx-c730/topics/lhannah-ps-df-test-topic",
            "kms_key_name": "",
            "labels": {},
            "message_retention_duration": "",
            "message_storage_policy": [],
            "name": "lhannah-ps-df-test-topic",
            "project": "mstr-globalbi-sbx-c730",
            "schema_settings": [],
            "terraform_labels": {},
            "timeouts": null
          },
          "sensitive_attributes": [],
          "private": "eyJlMmJmYjczMC1lY2FhLTExZTYtOGY4OC0zNDM2M2JjN2M0YzAiOnsiY3JlYXRlIjoxMjAwMDAwMDAwMDAwLCJkZWxldGUiOjEyMDAwMDAwMDAwMDAsInVwZGF0ZSI6MTIwMDAwMDAwMDAwMH19"
        },
        {
          "index_key": "file",
          "schema_version": 0,
          "attributes": {
            "effective_labels": {
              "application": "globalbi",
              "creator": "lee_hannah_at_monster_co_uk",
              "dtap": "sbx",
              "name": "lhannah-ps-df-test-topic-file",
              "opco": "mstr",
              "owner": "lee_hannah_at_monster_co_uk"
            },
            "id": "projects/mstr-globalbi-sbx-c730/topics/lhannah-ps-df-test-topic-file",
            "kms_key_name": "",
            "labels": {},
            "message_retention_duration": "",
            "message_storage_policy": [],
            "name": "lhannah-ps-df-test-topic-file",
            "project": "mstr-globalbi-sbx-c730",
            "schema_settings": [],
            "terraform_labels": {},
            "timeouts": null
          },
          "sensitive_attributes": [],
          "private": "eyJlMmJmYjczMC1lY2FhLTExZTYtOGY4OC0zNDM2M2JjN2M0YzAiOnsiY3JlYXRlIjoxMjAwMDAwMDAwMDAwLCJkZWxldGUiOjEyMDAwMDAwMDAwMDAsInVwZGF0ZSI6MTIwMDAwMDAwMDAwMH19"
        },
        {
          "index_key": "state",
          "schema_version": 0,
          "attributes": {
            "effective_labels": {
              "application": "globalbi",
              "creator": "lee_hannah_at_monster_co_uk",
              "dtap": "sbx",
              "name": "lhannah-ps-df-test-topic-state",
              "opco": "mstr",
              "owner": "lee_hannah_at_monster_co_uk"
            },
            "id": "projects/mstr-globalbi-sbx-c730/topics/lhannah-ps-df-test-topic-state",
            "kms_key_name": "",
            "labels": {},
            "message_retention_duration": "",
            "message_storage_policy": [],
            "name": "lhannah-ps-df-test-topic-state",
            "project": "mstr-globalbi-sbx-c730",
            "schema_settings": [],
            "terraform_labels": {},
            "timeouts": null
          },
          "sensitive_attributes": [],
          "private": "eyJlMmJmYjczMC1lY2FhLTExZTYtOGY4OC0zNDM2M2JjN2M0YzAiOnsiY3JlYXRlIjoxMjAwMDAwMDAwMDAwLCJkZWxldGUiOjEyMDAwMDAwMDAwMDAsInVwZGF0ZSI6MTIwMDAwMDAwMDAwMH19"
        }
      ]
    },
    {
      "mode": "managed",
      "type": "google_pubsub_topic_iam_member",
      "name": "pubsub_publisher_2241",
      "provider": "provider[\"registry.terraform.io/hashicorp/google\"]",
      "instances": [
        {
          "schema_version": 0,
          "attributes": {
            "condition": [],
            "etag": "BwYKpwsajsA=",
            "id": "projects/mstr-globalbi-sbx-c730/topics/lhannah-ps-df-test-topic-state/roles/pubsub.publisher/serviceAccount:service-224186624166@gs-project-accounts.iam.gserviceaccount.com",
            "member": "serviceAccount:service-224186624166@gs-project-accounts.iam.gserviceaccount.com",
            "project": "mstr-globalbi-sbx-c730",
            "role": "roles/pubsub.publisher",
            "topic": "projects/mstr-globalbi-sbx-c730/topics/lhannah-ps-df-test-topic-state"
          },
          "sensitive_attributes": [],
          "private": "bnVsbA==",
          "dependencies": [
            "data.google_storage_project_service_account.default",
            "data.google_storage_transfer_project_service_account.default",
            "google_pubsub_subscription_iam_member.pubsub_subscriber_st",
            "google_pubsub_topic.topic",
            "google_pubsub_topic_iam_member.pubsub_publisher_gs",
            "google_pubsub_topic_iam_member.pubsub_publisher_st"
          ]
        }
      ]
    },
    {
      "mode": "managed",
      "type": "google_pubsub_topic_iam_member",
      "name": "pubsub_publisher_gs",
      "provider": "provider[\"registry.terraform.io/hashicorp/google\"]",
      "instances": [
        {
          "schema_version": 0,
          "attributes": {
            "condition": [],
            "etag": "BwYKpwsajsA=",
            "id": "projects/mstr-globalbi-sbx-c730/topics/lhannah-ps-df-test-topic-state/roles/pubsub.publisher/serviceAccount:service-659189813226@gs-project-accounts.iam.gserviceaccount.com",
            "member": "serviceAccount:service-659189813226@gs-project-accounts.iam.gserviceaccount.com",
            "project": "mstr-globalbi-sbx-c730",
            "role": "roles/pubsub.publisher",
            "topic": "projects/mstr-globalbi-sbx-c730/topics/lhannah-ps-df-test-topic-state"
          },
          "sensitive_attributes": [],
          "private": "bnVsbA==",
          "dependencies": [
            "data.google_storage_project_service_account.default",
            "data.google_storage_transfer_project_service_account.default",
            "google_pubsub_subscription_iam_member.pubsub_subscriber_st",
            "google_pubsub_topic.topic",
            "google_pubsub_topic_iam_member.pubsub_publisher_st"
          ]
        }
      ]
    },
    {
      "mode": "managed",
      "type": "google_pubsub_topic_iam_member",
      "name": "pubsub_publisher_st",
      "provider": "provider[\"registry.terraform.io/hashicorp/google\"]",
      "instances": [
        {
          "schema_version": 0,
          "attributes": {
            "condition": [],
            "etag": "BwYKpwsajsA=",
            "id": "projects/mstr-globalbi-sbx-c730/topics/lhannah-ps-df-test-topic-state/roles/pubsub.publisher/serviceAccount:project-659189813226@storage-transfer-service.iam.gserviceaccount.com",
            "member": "serviceAccount:project-659189813226@storage-transfer-service.iam.gserviceaccount.com",
            "project": "mstr-globalbi-sbx-c730",
            "role": "roles/pubsub.publisher",
            "topic": "projects/mstr-globalbi-sbx-c730/topics/lhannah-ps-df-test-topic-state"
          },
          "sensitive_attributes": [],
          "private": "bnVsbA==",
          "dependencies": [
            "data.google_storage_transfer_project_service_account.default",
            "google_pubsub_topic.topic"
          ]
        }
      ]
    },
    {
      "mode": "managed",
      "type": "google_storage_bucket_iam_member",
      "name": "storage_admin_backup",
      "provider": "provider[\"registry.terraform.io/hashicorp/google\"]",
      "instances": [
        {
          "schema_version": 0,
          "attributes": {
            "bucket": "b/lhannah-sink-state-backup-dev",
            "condition": [],
            "etag": "CAM=",
            "id": "b/lhannah-sink-state-backup-dev/roles/storage.admin/serviceAccount:project-659189813226@storage-transfer-service.iam.gserviceaccount.com",
            "member": "serviceAccount:project-659189813226@storage-transfer-service.iam.gserviceaccount.com",
            "role": "roles/storage.admin"
          },
          "sensitive_attributes": [],
          "private": "bnVsbA==",
          "dependencies": [
            "data.google_storage_transfer_project_service_account.default",
            "google_storage_bucket_iam_member.storage_admin_state",
            "module.lhannah_sink.google_storage_bucket.bucket",
            "module.lhannah_sink.google_storage_bucket_object.content_folders"
          ]
        }
      ]
    },
    {
      "mode": "managed",
      "type": "google_storage_bucket_iam_member",
      "name": "storage_admin_state",
      "provider": "provider[\"registry.terraform.io/hashicorp/google\"]",
      "instances": [
        {
          "schema_version": 0,
          "attributes": {
            "bucket": "b/bck-mstr-us-east1-tfadmin-sbx-state",
            "condition": [],
            "etag": "CGo=",
            "id": "b/bck-mstr-us-east1-tfadmin-sbx-state/roles/storage.admin/serviceAccount:project-659189813226@storage-transfer-service.iam.gserviceaccount.com",
            "member": "serviceAccount:project-659189813226@storage-transfer-service.iam.gserviceaccount.com",
            "role": "roles/storage.admin"
          },
          "sensitive_attributes": [],
          "private": "bnVsbA==",
          "dependencies": [
            "data.google_storage_transfer_project_service_account.default",
            "module.lhannah_sink.google_storage_bucket.bucket",
            "module.lhannah_sink.google_storage_bucket_object.content_folders"
          ]
        }
      ]
    },
    {
      "mode": "managed",
      "type": "google_storage_bucket_object",
      "name": "terraform_backup",
      "provider": "provider[\"registry.terraform.io/hashicorp/google\"]",
      "instances": [
        {
          "schema_version": 0,
          "attributes": {
            "bucket": "bck-mstr-us-east1-tfadmin-sbx-state",
            "cache_control": "",
            "content": null,
            "content_disposition": "",
            "content_encoding": "",
            "content_language": "",
            "content_type": "text/plain; charset=utf-8",
            "crc32c": "g+Hhkw==",
            "customer_encryption": [],
            "detect_md5hash": "qiS0aSJ0fN47R/cHipnfHQ==",
            "event_based_hold": false,
            "id": "bck-mstr-us-east1-tfadmin-sbx-state-terraform_lhanna12_test.tfstate.backup",
            "kms_key_name": "",
            "md5hash": "qiS0aSJ0fN47R/cHipnfHQ==",
            "media_link": "https://storage.googleapis.com/download/storage/v1/b/bck-mstr-us-east1-tfadmin-sbx-state/o/terraform_lhanna12_test.tfstate.backup?generation=1701075023743789\u0026alt=media",
            "metadata": null,
            "name": "terraform_lhanna12_test.tfstate.backup",
            "output_name": "terraform_lhanna12_test.tfstate.backup",
            "retention": [],
            "self_link": "https://www.googleapis.com/storage/v1/b/bck-mstr-us-east1-tfadmin-sbx-state/o/terraform_lhanna12_test.tfstate.backup",
            "source": "terraform.tfstate.backup",
            "storage_class": "STANDARD",
            "temporary_hold": false,
            "timeouts": null
          },
          "sensitive_attributes": [],
          "private": "eyJlMmJmYjczMC1lY2FhLTExZTYtOGY4OC0zNDM2M2JjN2M0YzAiOnsiY3JlYXRlIjoyNDAwMDAwMDAwMDAsImRlbGV0ZSI6MjQwMDAwMDAwMDAwLCJ1cGRhdGUiOjI0MDAwMDAwMDAwMH19",
          "dependencies": [
            "google_storage_transfer_job.storage_transfer_event",
            "module.lhannah_sink.google_storage_bucket.bucket",
            "module.lhannah_sink.google_storage_bucket_object.content_folders"
          ]
        }
      ]
    },
    {
      "mode": "managed",
      "type": "google_storage_notification",
      "name": "notification",
      "provider": "provider[\"registry.terraform.io/hashicorp/google\"]",
      "instances": [
        {
          "schema_version": 0,
          "attributes": {
            "bucket": "bck-mstr-us-east1-tfadmin-sbx-state",
            "custom_attributes": {
              "new-attribute": "lhanna12-test"
            },
            "event_types": [
              "OBJECT_FINALIZE",
              "OBJECT_METADATA_UPDATE"
            ],
            "id": "bck-mstr-us-east1-tfadmin-sbx-state/notificationConfigs/105",
            "notification_id": "105",
            "object_name_prefix": "",
            "payload_format": "JSON_API_V1",
            "self_link": "https://www.googleapis.com/storage/v1/b/bck-mstr-us-east1-tfadmin-sbx-state/notificationConfigs/105",
            "topic": "//pubsub.googleapis.com/projects/mstr-globalbi-sbx-c730/topics/lhannah-ps-df-test-topic-state"
          },
          "sensitive_attributes": [],
          "private": "bnVsbA==",
          "dependencies": [
            "data.google_storage_project_service_account.default",
            "data.google_storage_transfer_project_service_account.default",
            "google_pubsub_subscription_iam_member.pubsub_subscriber_st",
            "google_pubsub_topic.topic",
            "google_pubsub_topic_iam_member.pubsub_publisher_2241",
            "google_pubsub_topic_iam_member.pubsub_publisher_gs",
            "google_pubsub_topic_iam_member.pubsub_publisher_st",
            "google_storage_bucket_iam_member.storage_admin_backup",
            "google_storage_bucket_iam_member.storage_admin_state",
            "module.lhannah_sink.google_storage_bucket.bucket",
            "module.lhannah_sink.google_storage_bucket_object.content_folders"
          ]
        }
      ]
    },
    {
      "mode": "managed",
      "type": "google_storage_transfer_job",
      "name": "storage_transfer_event",
      "provider": "provider[\"registry.terraform.io/hashicorp/google\"]",
      "instances": [
        {
          "schema_version": 0,
          "attributes": {
            "creation_time": "2023-11-21T10:32:08.750972414Z",
            "deletion_time": "",
            "description": "Copy from tfadmin",
            "event_stream": [
              {
                "event_stream_expiration_time": "",
                "event_stream_start_time": "",
                "name": "projects/mstr-globalbi-sbx-c730/subscriptions/lhannah-ps-df-test-sub-state"
              }
            ],
            "id": "mstr-globalbi-sbx-c730/4556130132487933709",
            "last_modification_time": "2023-11-21T10:32:08.750972414Z",
            "name": "transferJobs/4556130132487933709",
            "notification_config": [],
            "project": "mstr-globalbi-sbx-c730",
            "schedule": [],
            "status": "ENABLED",
            "transfer_spec": [
              {
                "aws_s3_data_source": [],
                "azure_blob_storage_data_source": [],
                "gcs_data_sink": [
                  {
                    "bucket_name": "lhannah-sink-state-backup-dev",
                    "path": ""
                  }
                ],
                "gcs_data_source": [
                  {
                    "bucket_name": "bck-mstr-us-east1-tfadmin-sbx-state",
                    "path": ""
                  }
                ],
                "http_data_source": [],
                "object_conditions": [],
                "posix_data_sink": [],
                "posix_data_source": [],
                "sink_agent_pool_name": "",
                "source_agent_pool_name": "",
                "transfer_options": [
                  {
                    "delete_objects_from_source_after_transfer": false,
                    "delete_objects_unique_in_sink": false,
                    "overwrite_objects_already_existing_in_sink": true,
                    "overwrite_when": "DIFFERENT"
                  }
                ]
              }
            ]
          },
          "sensitive_attributes": [],
          "private": "bnVsbA==",
          "dependencies": [
            "data.google_storage_project_service_account.default",
            "data.google_storage_transfer_project_service_account.default",
            "google_pubsub_subscription_iam_member.pubsub_subscriber_st",
            "google_pubsub_topic.topic",
            "google_pubsub_topic_iam_member.pubsub_publisher_2241",
            "google_pubsub_topic_iam_member.pubsub_publisher_gs",
            "google_pubsub_topic_iam_member.pubsub_publisher_st",
            "google_storage_bucket_iam_member.storage_admin_backup",
            "google_storage_bucket_iam_member.storage_admin_state",
            "google_storage_notification.notification",
            "module.lhannah_sink.google_storage_bucket.bucket",
            "module.lhannah_sink.google_storage_bucket_object.content_folders"
          ]
        }
      ]
    },
    {
      "module": "module.lhannah_dataset_test",
      "mode": "managed",
      "type": "google_bigquery_dataset",
      "name": "bq_dataset",
      "provider": "provider[\"registry.terraform.io/hashicorp/google\"]",
      "instances": [
        {
          "schema_version": 0,
          "attributes": {
            "access": [
              {
                "dataset": [],
                "domain": "",
                "group_by_email": "",
                "iam_member": "",
                "role": "OWNER",
                "routine": [],
                "special_group": "projectOwners",
                "user_by_email": "",
                "view": []
              },
              {
                "dataset": [],
                "domain": "",
                "group_by_email": "",
                "iam_member": "",
                "role": "READER",
                "routine": [],
                "special_group": "projectReaders",
                "user_by_email": "",
                "view": []
              },
              {
                "dataset": [],
                "domain": "",
                "group_by_email": "",
                "iam_member": "",
                "role": "WRITER",
                "routine": [],
                "special_group": "projectWriters",
                "user_by_email": "",
                "view": []
              }
            ],
            "creation_time": 1700562249535,
            "dataset_id": "dev_lhannah_dataset_test",
            "default_collation": "",
            "default_encryption_configuration": [],
            "default_partition_expiration_ms": 0,
            "default_table_expiration_ms": 0,
            "delete_contents_on_destroy": false,
            "description": "dev_lhannah-test",
            "effective_labels": {
              "application": "globalbi",
              "creator": "lee_hannah_at_monster_co_uk",
              "dtap": "sbx",
              "name": "dev_lhannah_dataset_test",
              "opco": "mstr",
              "owner": "lee_hannah_at_monster_co_uk"
            },
            "etag": "SnsQkCKuQYJP+cOEOCCHbA==",
            "friendly_name": "",
            "id": "projects/mstr-globalbi-sbx-c730/datasets/dev_lhannah_dataset_test",
            "is_case_insensitive": false,
            "labels": {},
            "last_modified_time": 1700562263413,
            "location": "US",
            "max_time_travel_hours": "",
            "project": "mstr-globalbi-sbx-c730",
            "self_link": "https://bigquery.googleapis.com/bigquery/v2/projects/mstr-globalbi-sbx-c730/datasets/dev_lhannah_dataset_test",
            "storage_billing_model": "",
            "terraform_labels": {},
            "timeouts": null
          },
          "sensitive_attributes": [],
          "private": "eyJlMmJmYjczMC1lY2FhLTExZTYtOGY4OC0zNDM2M2JjN2M0YzAiOnsiY3JlYXRlIjoxMjAwMDAwMDAwMDAwLCJkZWxldGUiOjEyMDAwMDAwMDAwMDAsInVwZGF0ZSI6MTIwMDAwMDAwMDAwMH19"
        }
      ]
    },
    {
      "module": "module.lhannah_sink",
      "mode": "managed",
      "type": "google_storage_bucket",
      "name": "bucket",
      "provider": "provider[\"registry.terraform.io/hashicorp/google\"]",
      "instances": [
        {
          "index_key": "lhannah-sink",
          "schema_version": 1,
          "attributes": {
            "autoclass": [],
            "cors": [],
            "custom_placement_config": [],
            "default_event_based_hold": false,
            "effective_labels": {},
            "enable_object_retention": false,
            "encryption": [],
            "force_destroy": true,
            "id": "lhannah-sink-dev",
            "labels": {},
            "lifecycle_rule": [
              {
                "action": [
                  {
                    "storage_class": "",
                    "type": "Delete"
                  }
                ],
                "condition": [
                  {
                    "age": 0,
                    "created_before": "",
                    "custom_time_before": "",
                    "days_since_custom_time": 0,
                    "days_since_noncurrent_time": 0,
                    "matches_prefix": [],
                    "matches_storage_class": [],
                    "matches_suffix": [],
                    "noncurrent_time_before": "",
                    "num_newer_versions": 3,
                    "with_state": "ANY"
                  }
                ]
              }
            ],
            "location": "US-EAST4",
            "logging": [],
            "name": "lhannah-sink-dev",
            "project": "mstr-globalbi-sbx-c730",
            "public_access_prevention": "inherited",
            "requester_pays": false,
            "retention_policy": [],
            "self_link": "https://www.googleapis.com/storage/v1/b/lhannah-sink-dev",
            "storage_class": "STANDARD",
            "terraform_labels": {},
            "timeouts": null,
            "uniform_bucket_level_access": false,
            "url": "gs://lhannah-sink-dev",
            "versioning": [
              {
                "enabled": false
              }
            ],
            "website": []
          },
          "sensitive_attributes": [],
          "private": "eyJlMmJmYjczMC1lY2FhLTExZTYtOGY4OC0zNDM2M2JjN2M0YzAiOnsiY3JlYXRlIjo2MDAwMDAwMDAwMDAsInJlYWQiOjI0MDAwMDAwMDAwMCwidXBkYXRlIjoyNDAwMDAwMDAwMDB9LCJzY2hlbWFfdmVyc2lvbiI6IjEifQ=="
        },
        {
          "index_key": "lhannah-sink-state-backup",
          "schema_version": 1,
          "attributes": {
            "autoclass": [],
            "cors": [],
            "custom_placement_config": [],
            "default_event_based_hold": false,
            "effective_labels": {},
            "enable_object_retention": false,
            "encryption": [],
            "force_destroy": true,
            "id": "lhannah-sink-state-backup-dev",
            "labels": {},
            "lifecycle_rule": [
              {
                "action": [
                  {
                    "storage_class": "",
                    "type": "Delete"
                  }
                ],
                "condition": [
                  {
                    "age": 0,
                    "created_before": "",
                    "custom_time_before": "",
                    "days_since_custom_time": 0,
                    "days_since_noncurrent_time": 0,
                    "matches_prefix": [],
                    "matches_storage_class": [],
                    "matches_suffix": [],
                    "noncurrent_time_before": "",
                    "num_newer_versions": 3,
                    "with_state": "ANY"
                  }
                ]
              }
            ],
            "location": "US-EAST4",
            "logging": [],
            "name": "lhannah-sink-state-backup-dev",
            "project": "mstr-globalbi-sbx-c730",
            "public_access_prevention": "inherited",
            "requester_pays": false,
            "retention_policy": [],
            "self_link": "https://www.googleapis.com/storage/v1/b/lhannah-sink-state-backup-dev",
            "storage_class": "STANDARD",
            "terraform_labels": {},
            "timeouts": null,
            "uniform_bucket_level_access": false,
            "url": "gs://lhannah-sink-state-backup-dev",
            "versioning": [
              {
                "enabled": true
              }
            ],
            "website": []
          },
          "sensitive_attributes": [],
          "private": "eyJlMmJmYjczMC1lY2FhLTExZTYtOGY4OC0zNDM2M2JjN2M0YzAiOnsiY3JlYXRlIjo2MDAwMDAwMDAwMDAsInJlYWQiOjI0MDAwMDAwMDAwMCwidXBkYXRlIjoyNDAwMDAwMDAwMDB9LCJzY2hlbWFfdmVyc2lvbiI6IjEifQ=="
        }
      ]
    },
    {
      "module": "module.lhannah_sink",
      "mode": "managed",
      "type": "google_storage_bucket_object",
      "name": "content_folders",
      "provider": "provider[\"registry.terraform.io/hashicorp/google\"]",
      "instances": [
        {
          "index_key": "df/",
          "schema_version": 0,
          "attributes": {
            "bucket": "lhannah-sink-dev",
            "cache_control": "",
            "content": "Not really a directory, but it's empty.",
            "content_disposition": "",
            "content_encoding": "",
            "content_language": "",
            "content_type": "text/plain; charset=utf-8",
            "crc32c": "ynMFIA==",
            "customer_encryption": [],
            "detect_md5hash": "d2al/QXVhZRW4SpIHlrAIg==",
            "event_based_hold": false,
            "id": "lhannah-sink-dev-df/",
            "kms_key_name": "",
            "md5hash": "d2al/QXVhZRW4SpIHlrAIg==",
            "media_link": "https://storage.googleapis.com/download/storage/v1/b/lhannah-sink-dev/o/df%2F?generation=1700562717078759\u0026alt=media",
            "metadata": {},
            "name": "df/",
            "output_name": "df/",
            "retention": [],
            "self_link": "https://www.googleapis.com/storage/v1/b/lhannah-sink-dev/o/df%2F",
            "source": null,
            "storage_class": "STANDARD",
            "temporary_hold": false,
            "timeouts": null
          },
          "sensitive_attributes": [],
          "private": "eyJlMmJmYjczMC1lY2FhLTExZTYtOGY4OC0zNDM2M2JjN2M0YzAiOnsiY3JlYXRlIjoyNDAwMDAwMDAwMDAsImRlbGV0ZSI6MjQwMDAwMDAwMDAwLCJ1cGRhdGUiOjI0MDAwMDAwMDAwMH19",
          "dependencies": [
            "module.lhannah_sink.google_storage_bucket.bucket"
          ]
        },
        {
          "index_key": "state/",
          "schema_version": 0,
          "attributes": {
            "bucket": "lhannah-sink-dev",
            "cache_control": "",
            "content": "Not really a directory, but it's empty.",
            "content_disposition": "",
            "content_encoding": "",
            "content_language": "",
            "content_type": "text/plain; charset=utf-8",
            "crc32c": "ynMFIA==",
            "customer_encryption": [],
            "detect_md5hash": "d2al/QXVhZRW4SpIHlrAIg==",
            "event_based_hold": false,
            "id": "lhannah-sink-dev-state/",
            "kms_key_name": "",
            "md5hash": "d2al/QXVhZRW4SpIHlrAIg==",
            "media_link": "https://storage.googleapis.com/download/storage/v1/b/lhannah-sink-dev/o/state%2F?generation=1700562717067316\u0026alt=media",
            "metadata": {},
            "name": "state/",
            "output_name": "state/",
            "retention": [],
            "self_link": "https://www.googleapis.com/storage/v1/b/lhannah-sink-dev/o/state%2F",
            "source": null,
            "storage_class": "STANDARD",
            "temporary_hold": false,
            "timeouts": null
          },
          "sensitive_attributes": [],
          "private": "eyJlMmJmYjczMC1lY2FhLTExZTYtOGY4OC0zNDM2M2JjN2M0YzAiOnsiY3JlYXRlIjoyNDAwMDAwMDAwMDAsImRlbGV0ZSI6MjQwMDAwMDAwMDAwLCJ1cGRhdGUiOjI0MDAwMDAwMDAwMH19",
          "dependencies": [
            "module.lhannah_sink.google_storage_bucket.bucket"
          ]
        },
        {
          "index_key": "storage_transfer_sink/jsonl/",
          "schema_version": 0,
          "attributes": {
            "bucket": "lhannah-sink-dev",
            "cache_control": "",
            "content": "Not really a directory, but it's empty.",
            "content_disposition": "",
            "content_encoding": "",
            "content_language": "",
            "content_type": "text/plain; charset=utf-8",
            "crc32c": "ynMFIA==",
            "customer_encryption": [],
            "detect_md5hash": "d2al/QXVhZRW4SpIHlrAIg==",
            "event_based_hold": false,
            "id": "lhannah-sink-dev-storage_transfer_sink/jsonl/",
            "kms_key_name": "",
            "md5hash": "d2al/QXVhZRW4SpIHlrAIg==",
            "media_link": "https://storage.googleapis.com/download/storage/v1/b/lhannah-sink-dev/o/storage_transfer_sink%2Fjsonl%2F?generation=1700562717066540\u0026alt=media",
            "metadata": {},
            "name": "storage_transfer_sink/jsonl/",
            "output_name": "storage_transfer_sink/jsonl/",
            "retention": [],
            "self_link": "https://www.googleapis.com/storage/v1/b/lhannah-sink-dev/o/storage_transfer_sink%2Fjsonl%2F",
            "source": null,
            "storage_class": "STANDARD",
            "temporary_hold": false,
            "timeouts": null
          },
          "sensitive_attributes": [],
          "private": "eyJlMmJmYjczMC1lY2FhLTExZTYtOGY4OC0zNDM2M2JjN2M0YzAiOnsiY3JlYXRlIjoyNDAwMDAwMDAwMDAsImRlbGV0ZSI6MjQwMDAwMDAwMDAwLCJ1cGRhdGUiOjI0MDAwMDAwMDAwMH19",
          "dependencies": [
            "module.lhannah_sink.google_storage_bucket.bucket"
          ]
        },
        {
          "index_key": "storage_transfer_sink/schema/",
          "schema_version": 0,
          "attributes": {
            "bucket": "lhannah-sink-dev",
            "cache_control": "",
            "content": "Not really a directory, but it's empty.",
            "content_disposition": "",
            "content_encoding": "",
            "content_language": "",
            "content_type": "text/plain; charset=utf-8",
            "crc32c": "ynMFIA==",
            "customer_encryption": [],
            "detect_md5hash": "d2al/QXVhZRW4SpIHlrAIg==",
            "event_based_hold": false,
            "id": "lhannah-sink-dev-storage_transfer_sink/schema/",
            "kms_key_name": "",
            "md5hash": "d2al/QXVhZRW4SpIHlrAIg==",
            "media_link": "https://storage.googleapis.com/download/storage/v1/b/lhannah-sink-dev/o/storage_transfer_sink%2Fschema%2F?generation=1700562716678194\u0026alt=media",
            "metadata": {},
            "name": "storage_transfer_sink/schema/",
            "output_name": "storage_transfer_sink/schema/",
            "retention": [],
            "self_link": "https://www.googleapis.com/storage/v1/b/lhannah-sink-dev/o/storage_transfer_sink%2Fschema%2F",
            "source": null,
            "storage_class": "STANDARD",
            "temporary_hold": false,
            "timeouts": null
          },
          "sensitive_attributes": [],
          "private": "eyJlMmJmYjczMC1lY2FhLTExZTYtOGY4OC0zNDM2M2JjN2M0YzAiOnsiY3JlYXRlIjoyNDAwMDAwMDAwMDAsImRlbGV0ZSI6MjQwMDAwMDAwMDAwLCJ1cGRhdGUiOjI0MDAwMDAwMDAwMH19",
          "dependencies": [
            "module.lhannah_sink.google_storage_bucket.bucket"
          ]
        }
      ]
    },
    {
      "module": "module.lhannah_tables_dev[\"budget_rates\"]",
      "mode": "managed",
      "type": "google_bigquery_table",
      "name": "lhannah_table_test",
      "provider": "provider[\"registry.terraform.io/hashicorp/google\"]",
      "instances": [
        {
          "index_key": "dev_BudgetRates",
          "schema_version": 0,
          "attributes": {
            "clustering": null,
            "creation_time": 1700562250320,
            "dataset_id": "dev_lhannah_dataset_test",
            "deletion_protection": false,
            "description": "dev_lhannah_test",
            "effective_labels": {},
            "encryption_configuration": [],
            "etag": "HygZczZJSmGecj/PJn7zMA==",
            "expiration_time": 0,
            "external_data_configuration": [],
            "friendly_name": "",
            "id": "projects/mstr-globalbi-sbx-c730/datasets/dev_lhannah_dataset_test/tables/dev_BudgetRates",
            "labels": {},
            "last_modified_time": 1700562250385,
            "location": "US",
            "materialized_view": [],
            "max_staleness": "",
            "num_bytes": 0,
            "num_long_term_bytes": 0,
            "num_rows": 0,
            "project": "mstr-globalbi-sbx-c730",
            "range_partitioning": [],
            "require_partition_filter": false,
            "schema": "[{\"mode\":\"NULLABLE\",\"name\":\"YearKey\",\"type\":\"INTEGER\"},{\"mode\":\"NULLABLE\",\"name\":\"SourceRateCode\",\"type\":\"STRING\"},{\"mode\":\"NULLABLE\",\"name\":\"SourceRateCountry\",\"type\":\"STRING\"},{\"mode\":\"NULLABLE\",\"name\":\"DestinationRateCode\",\"type\":\"STRING\"},{\"mode\":\"NULLABLE\",\"name\":\"DestinationRateCountry\",\"type\":\"STRING\"},{\"mode\":\"NULLABLE\",\"name\":\"RateValue\",\"type\":\"FLOAT\"},{\"description\":\"%m/%d/%Y %H:%M:%E*S\",\"mode\":\"NULLABLE\",\"name\":\"DateAdded\",\"type\":\"TIMESTAMP\"},{\"description\":\"%m/%d/%Y %H:%M:%E*S\",\"mode\":\"NULLABLE\",\"name\":\"LastModifiedDate\",\"type\":\"TIMESTAMP\"},{\"mode\":\"NULLABLE\",\"name\":\"AddedBy\",\"type\":\"STRING\"},{\"mode\":\"NULLABLE\",\"name\":\"ModifiedBy\",\"type\":\"STRING\"}]",
            "self_link": "https://bigquery.googleapis.com/bigquery/v2/projects/mstr-globalbi-sbx-c730/datasets/dev_lhannah_dataset_test/tables/dev_BudgetRates",
            "table_constraints": [],
            "table_id": "dev_BudgetRates",
            "terraform_labels": {},
            "time_partitioning": [
              {
                "expiration_ms": 0,
                "field": "DateAdded",
                "require_partition_filter": false,
                "type": "DAY"
              }
            ],
            "type": "TABLE",
            "view": []
          },
          "sensitive_attributes": [],
          "private": "bnVsbA==",
          "dependencies": [
            "module.lhannah_dataset_test.google_bigquery_dataset.bq_dataset"
          ]
        }
      ]
    },
    {
      "module": "module.lhannah_tables_dev[\"data_control\"]",
      "mode": "managed",
      "type": "google_bigquery_table",
      "name": "lhannah_table_test",
      "provider": "provider[\"registry.terraform.io/hashicorp/google\"]",
      "instances": [
        {
          "index_key": "dev_DataControl",
          "schema_version": 0,
          "attributes": {
            "clustering": null,
            "creation_time": 1700562250290,
            "dataset_id": "dev_lhannah_dataset_test",
            "deletion_protection": false,
            "description": "dev_lhannah_test",
            "effective_labels": {},
            "encryption_configuration": [],
            "etag": "Th28PXB3VOmESmpI9ytb1g==",
            "expiration_time": 0,
            "external_data_configuration": [],
            "friendly_name": "",
            "id": "projects/mstr-globalbi-sbx-c730/datasets/dev_lhannah_dataset_test/tables/dev_DataControl",
            "labels": {},
            "last_modified_time": 1700562250366,
            "location": "US",
            "materialized_view": [],
            "max_staleness": "",
            "num_bytes": 0,
            "num_long_term_bytes": 0,
            "num_rows": 0,
            "project": "mstr-globalbi-sbx-c730",
            "range_partitioning": [],
            "require_partition_filter": false,
            "schema": "[{\"mode\":\"NULLABLE\",\"name\":\"Project\",\"type\":\"STRING\"},{\"mode\":\"NULLABLE\",\"name\":\"Dataset\",\"type\":\"STRING\"},{\"mode\":\"NULLABLE\",\"name\":\"TableName\",\"type\":\"STRING\"},{\"fields\":[{\"mode\":\"REPEATED\",\"name\":\"Name\",\"type\":\"STRING\"}],\"mode\":\"REPEATED\",\"name\":\"ChildTable\",\"type\":\"RECORD\"},{\"fields\":[{\"mode\":\"REPEATED\",\"name\":\"Name\",\"type\":\"STRING\"}],\"mode\":\"REPEATED\",\"name\":\"ChildPipeline\",\"type\":\"RECORD\"},{\"mode\":\"NULLABLE\",\"name\":\"RunDate\",\"type\":\"TIMESTAMP\"},{\"mode\":\"NULLABLE\",\"name\":\"ETLDate\",\"type\":\"TIMESTAMP\"},{\"mode\":\"NULLABLE\",\"name\":\"FullLoad\",\"type\":\"BOOLEAN\"},{\"description\":\"Person who last updated the table\",\"mode\":\"NULLABLE\",\"name\":\"UpdatedBy\",\"type\":\"STRING\"},{\"description\":\"Date / Time the table was last updated\",\"mode\":\"NULLABLE\",\"name\":\"UpdatedAt\",\"type\":\"TIMESTAMP\"}]",
            "self_link": "https://bigquery.googleapis.com/bigquery/v2/projects/mstr-globalbi-sbx-c730/datasets/dev_lhannah_dataset_test/tables/dev_DataControl",
            "table_constraints": [],
            "table_id": "dev_DataControl",
            "terraform_labels": {},
            "time_partitioning": [
              {
                "expiration_ms": 0,
                "field": "RunDate",
                "require_partition_filter": false,
                "type": "DAY"
              }
            ],
            "type": "TABLE",
            "view": []
          },
          "sensitive_attributes": [],
          "private": "bnVsbA==",
          "dependencies": [
            "module.lhannah_dataset_test.google_bigquery_dataset.bq_dataset"
          ]
        }
      ]
    },
    {
      "module": "module.lhannah_tables_dev[\"data_control_backup\"]",
      "mode": "managed",
      "type": "google_bigquery_table",
      "name": "lhannah_table_test",
      "provider": "provider[\"registry.terraform.io/hashicorp/google\"]",
      "instances": [
        {
          "index_key": "dev_DataControl_backup",
          "schema_version": 0,
          "attributes": {
            "clustering": null,
            "creation_time": 1700562250287,
            "dataset_id": "dev_lhannah_dataset_test",
            "deletion_protection": false,
            "description": "dev_lhannah_test",
            "effective_labels": {},
            "encryption_configuration": [],
            "etag": "aCyiw61uqjiVNglj1L8QRA==",
            "expiration_time": 0,
            "external_data_configuration": [],
            "friendly_name": "",
            "id": "projects/mstr-globalbi-sbx-c730/datasets/dev_lhannah_dataset_test/tables/dev_DataControl_backup",
            "labels": {},
            "last_modified_time": 1700562250435,
            "location": "US",
            "materialized_view": [],
            "max_staleness": "",
            "num_bytes": 0,
            "num_long_term_bytes": 0,
            "num_rows": 0,
            "project": "mstr-globalbi-sbx-c730",
            "range_partitioning": [],
            "require_partition_filter": false,
            "schema": "[{\"mode\":\"NULLABLE\",\"name\":\"Project\",\"type\":\"STRING\"},{\"mode\":\"NULLABLE\",\"name\":\"Dataset\",\"type\":\"STRING\"},{\"mode\":\"NULLABLE\",\"name\":\"TableName\",\"type\":\"STRING\"},{\"fields\":[{\"mode\":\"REPEATED\",\"name\":\"Name\",\"type\":\"STRING\"}],\"mode\":\"REPEATED\",\"name\":\"ChildTable\",\"type\":\"RECORD\"},{\"fields\":[{\"mode\":\"REPEATED\",\"name\":\"Name\",\"type\":\"STRING\"}],\"mode\":\"REPEATED\",\"name\":\"ChildPipeline\",\"type\":\"RECORD\"},{\"mode\":\"NULLABLE\",\"name\":\"RunDate\",\"type\":\"TIMESTAMP\"},{\"mode\":\"NULLABLE\",\"name\":\"ETLDate\",\"type\":\"TIMESTAMP\"},{\"mode\":\"NULLABLE\",\"name\":\"FullLoad\",\"type\":\"BOOLEAN\"},{\"description\":\"Person who last updated the table\",\"mode\":\"NULLABLE\",\"name\":\"UpdatedBy\",\"type\":\"STRING\"},{\"description\":\"Date / Time the table was last updated\",\"mode\":\"NULLABLE\",\"name\":\"UpdatedAt\",\"type\":\"TIMESTAMP\"}]",
            "self_link": "https://bigquery.googleapis.com/bigquery/v2/projects/mstr-globalbi-sbx-c730/datasets/dev_lhannah_dataset_test/tables/dev_DataControl_backup",
            "table_constraints": [],
            "table_id": "dev_DataControl_backup",
            "terraform_labels": {},
            "time_partitioning": [
              {
                "expiration_ms": 0,
                "field": "RunDate",
                "require_partition_filter": false,
                "type": "DAY"
              }
            ],
            "type": "TABLE",
            "view": []
          },
          "sensitive_attributes": [],
          "private": "bnVsbA==",
          "dependencies": [
            "module.lhannah_dataset_test.google_bigquery_dataset.bq_dataset"
          ]
        }
      ]
    },
    {
      "module": "module.lhannah_tables_dev[\"lhannah_ps_df_test\"]",
      "mode": "managed",
      "type": "google_bigquery_table",
      "name": "lhannah_table_test",
      "provider": "provider[\"registry.terraform.io/hashicorp/google\"]",
      "instances": [
        {
          "index_key": "dev_LhannahPsDfTest",
          "schema_version": 0,
          "attributes": {
            "clustering": null,
            "creation_time": 1700562250295,
            "dataset_id": "dev_lhannah_dataset_test",
            "deletion_protection": false,
            "description": "dev_lhannah_test",
            "effective_labels": {},
            "encryption_configuration": [],
            "etag": "2+SJTML18HPWjzaXNO7ptw==",
            "expiration_time": 0,
            "external_data_configuration": [],
            "friendly_name": "",
            "id": "projects/mstr-globalbi-sbx-c730/datasets/dev_lhannah_dataset_test/tables/dev_LhannahPsDfTest",
            "labels": {},
            "last_modified_time": 1700562250353,
            "location": "US",
            "materialized_view": [],
            "max_staleness": "",
            "num_bytes": 0,
            "num_long_term_bytes": 0,
            "num_rows": 0,
            "project": "mstr-globalbi-sbx-c730",
            "range_partitioning": [],
            "require_partition_filter": false,
            "schema": "[{\"mode\":\"NULLABLE\",\"name\":\"timestamp\",\"type\":\"TIMESTAMP\"},{\"mode\":\"NULLABLE\",\"name\":\"attr1\",\"type\":\"FLOAT\"},{\"mode\":\"NULLABLE\",\"name\":\"msg\",\"type\":\"STRING\"}]",
            "self_link": "https://bigquery.googleapis.com/bigquery/v2/projects/mstr-globalbi-sbx-c730/datasets/dev_lhannah_dataset_test/tables/dev_LhannahPsDfTest",
            "table_constraints": [],
            "table_id": "dev_LhannahPsDfTest",
            "terraform_labels": {},
            "time_partitioning": [
              {
                "expiration_ms": 0,
                "field": "timestamp",
                "require_partition_filter": false,
                "type": "DAY"
              }
            ],
            "type": "TABLE",
            "view": []
          },
          "sensitive_attributes": [],
          "private": "bnVsbA==",
          "dependencies": [
            "module.lhannah_dataset_test.google_bigquery_dataset.bq_dataset"
          ]
        }
      ]
    },
    {
      "module": "module.lhannah_tables_dev[\"storage_transfer_run_results\"]",
      "mode": "managed",
      "type": "google_bigquery_table",
      "name": "lhannah_table_test",
      "provider": "provider[\"registry.terraform.io/hashicorp/google\"]",
      "instances": [
        {
          "index_key": "dev_StorageTransferRunResults",
          "schema_version": 0,
          "attributes": {
            "clustering": null,
            "creation_time": 1700562250283,
            "dataset_id": "dev_lhannah_dataset_test",
            "deletion_protection": false,
            "description": "dev_lhannah_test",
            "effective_labels": {},
            "encryption_configuration": [],
            "etag": "NwnEyE+WH1G+AZnM/+ufyg==",
            "expiration_time": 0,
            "external_data_configuration": [],
            "friendly_name": "",
            "id": "projects/mstr-globalbi-sbx-c730/datasets/dev_lhannah_dataset_test/tables/dev_StorageTransferRunResults",
            "labels": {},
            "last_modified_time": 1700562250352,
            "location": "US",
            "materialized_view": [],
            "max_staleness": "",
            "num_bytes": 0,
            "num_long_term_bytes": 0,
            "num_rows": 0,
            "project": "mstr-globalbi-sbx-c730",
            "range_partitioning": [],
            "require_partition_filter": false,
            "schema": "[{\"description\":\"The data\",\"mode\":\"NULLABLE\",\"name\":\"data\",\"type\":\"STRING\"},{\"mode\":\"NULLABLE\",\"name\":\"RunDate\",\"type\":\"TIMESTAMP\"}]",
            "self_link": "https://bigquery.googleapis.com/bigquery/v2/projects/mstr-globalbi-sbx-c730/datasets/dev_lhannah_dataset_test/tables/dev_StorageTransferRunResults",
            "table_constraints": [],
            "table_id": "dev_StorageTransferRunResults",
            "terraform_labels": {},
            "time_partitioning": [
              {
                "expiration_ms": 0,
                "field": "RunDate",
                "require_partition_filter": false,
                "type": "DAY"
              }
            ],
            "type": "TABLE",
            "view": []
          },
          "sensitive_attributes": [],
          "private": "bnVsbA==",
          "dependencies": [
            "module.lhannah_dataset_test.google_bigquery_dataset.bq_dataset"
          ]
        }
      ]
    }
  ],
  "check_results": null
}
