{
  "version": 4,
  "terraform_version": "1.4.2",
  "serial": 1240,
  "lineage": "5922c41e-0745-e8d6-ee5b-3c9f2c40b57e",
  "outputs": {},
  "resources": [
    {
      "module": "module.lhannah_dataset_test",
      "mode": "managed",
      "type": "google_bigquery_dataset",
      "name": "bq_dataset",
      "provider": "provider[\"registry.terraform.io/hashicorp/google\"]",
      "instances": [
        {
          "schema_version": 0,
          "attributes": {
            "access": [
              {
                "dataset": [],
                "domain": "",
                "group_by_email": "",
                "iam_member": "",
                "role": "OWNER",
                "routine": [],
                "special_group": "projectOwners",
                "user_by_email": "",
                "view": []
              },
              {
                "dataset": [],
                "domain": "",
                "group_by_email": "",
                "iam_member": "",
                "role": "READER",
                "routine": [],
                "special_group": "projectReaders",
                "user_by_email": "",
                "view": []
              },
              {
                "dataset": [],
                "domain": "",
                "group_by_email": "",
                "iam_member": "",
                "role": "WRITER",
                "routine": [],
                "special_group": "projectWriters",
                "user_by_email": "",
                "view": []
              }
            ],
            "creation_time": 1710079978224,
            "dataset_id": "dev_lhannah_dataset_test",
            "default_collation": "",
            "default_encryption_configuration": [],
            "default_partition_expiration_ms": 0,
            "default_table_expiration_ms": 0,
            "delete_contents_on_destroy": false,
            "description": "dev_lhannah-test",
            "effective_labels": {
              "application": "globalbi",
              "creator": "lee_hannah_at_monster_co_uk",
              "dtap": "sbx",
              "name": "dev_lhannah_dataset_test",
              "opco": "mstr",
              "owner": "lee_hannah_at_monster_co_uk"
            },
            "etag": "vKLfi1gxtlCaaEQHUo4b1Q==",
            "friendly_name": "",
            "id": "projects/mstr-globalbi-sbx-c730/datasets/dev_lhannah_dataset_test",
            "is_case_insensitive": false,
            "labels": {},
            "last_modified_time": 1710079992612,
            "location": "US",
            "max_time_travel_hours": "",
            "project": "mstr-globalbi-sbx-c730",
            "self_link": "https://bigquery.googleapis.com/bigquery/v2/projects/mstr-globalbi-sbx-c730/datasets/dev_lhannah_dataset_test",
            "storage_billing_model": "",
            "terraform_labels": {},
            "timeouts": null
          },
          "sensitive_attributes": [],
          "private": "eyJlMmJmYjczMC1lY2FhLTExZTYtOGY4OC0zNDM2M2JjN2M0YzAiOnsiY3JlYXRlIjoxMjAwMDAwMDAwMDAwLCJkZWxldGUiOjEyMDAwMDAwMDAwMDAsInVwZGF0ZSI6MTIwMDAwMDAwMDAwMH19"
        }
      ]
    }
  ],
  "check_results": null
}
