{
  "version": 4,
  "terraform_version": "1.4.0",
  "serial": 103,
  "lineage": "5e3ce4d0-c8d8-8862-b309-d33660d515c5",
  "outputs": {},
  "resources": [
    {
      "module": "module.lhannah_bucket_test",
      "mode": "managed",
      "type": "google_storage_bucket",
      "name": "bucket",
      "provider": "provider[\"registry.terraform.io/hashicorp/google\"]",
      "instances": [
        {
          "index_key": "lhannah-modulebucket_test",
          "schema_version": 0,
          "attributes": {
            "autoclass": [],
            "cors": [],
            "custom_placement_config": [],
            "default_event_based_hold": false,
            "encryption": [],
            "force_destroy": false,
            "id": "lhannah-modulebucket_test_dev",
            "labels": {},
            "lifecycle_rule": [
              {
                "action": [
                  {
                    "storage_class": "STANDARD",
                    "type": "SetStorageClass"
                  }
                ],
                "condition": [
                  {
                    "age": 1,
                    "created_before": "",
                    "custom_time_before": "",
                    "days_since_custom_time": 0,
                    "days_since_noncurrent_time": 0,
                    "matches_prefix": [],
                    "matches_storage_class": [],
                    "matches_suffix": [],
                    "noncurrent_time_before": "",
                    "num_newer_versions": 0,
                    "with_state": ""
                  }
                ]
              }
            ],
            "location": "US",
            "logging": [],
            "name": "lhannah-modulebucket_test_dev",
            "project": "mstr-globalbi-sbx-c730",
            "public_access_prevention": "inherited",
            "requester_pays": false,
            "retention_policy": [],
            "self_link": "https://www.googleapis.com/storage/v1/b/lhannah-modulebucket_test_dev",
            "storage_class": "STANDARD",
            "timeouts": null,
            "uniform_bucket_level_access": false,
            "url": "gs://lhannah-modulebucket_test_dev",
            "versioning": [
              {
                "enabled": false
              }
            ],
            "website": []
          },
          "sensitive_attributes": [],
          "private": "eyJlMmJmYjczMC1lY2FhLTExZTYtOGY4OC0zNDM2M2JjN2M0YzAiOnsiY3JlYXRlIjo2MDAwMDAwMDAwMDAsInJlYWQiOjI0MDAwMDAwMDAwMCwidXBkYXRlIjoyNDAwMDAwMDAwMDB9fQ=="
        },
        {
          "index_key": "lhannah-modulebucket_test2",
          "schema_version": 0,
          "attributes": {
            "autoclass": [],
            "cors": [],
            "custom_placement_config": [],
            "default_event_based_hold": false,
            "encryption": [],
            "force_destroy": false,
            "id": "lhannah-modulebucket_test2_dev",
            "labels": {},
            "lifecycle_rule": [
              {
                "action": [
                  {
                    "storage_class": "STANDARD",
                    "type": "SetStorageClass"
                  }
                ],
                "condition": [
                  {
                    "age": 1,
                    "created_before": "",
                    "custom_time_before": "",
                    "days_since_custom_time": 0,
                    "days_since_noncurrent_time": 0,
                    "matches_prefix": [],
                    "matches_storage_class": [],
                    "matches_suffix": [],
                    "noncurrent_time_before": "",
                    "num_newer_versions": 0,
                    "with_state": ""
                  }
                ]
              }
            ],
            "location": "US",
            "logging": [],
            "name": "lhannah-modulebucket_test2_dev",
            "project": "mstr-globalbi-sbx-c730",
            "public_access_prevention": "inherited",
            "requester_pays": false,
            "retention_policy": [],
            "self_link": "https://www.googleapis.com/storage/v1/b/lhannah-modulebucket_test2_dev",
            "storage_class": "STANDARD",
            "timeouts": null,
            "uniform_bucket_level_access": false,
            "url": "gs://lhannah-modulebucket_test2_dev",
            "versioning": [
              {
                "enabled": false
              }
            ],
            "website": []
          },
          "sensitive_attributes": [],
          "private": "eyJlMmJmYjczMC1lY2FhLTExZTYtOGY4OC0zNDM2M2JjN2M0YzAiOnsiY3JlYXRlIjo2MDAwMDAwMDAwMDAsInJlYWQiOjI0MDAwMDAwMDAwMCwidXBkYXRlIjoyNDAwMDAwMDAwMDB9fQ=="
        },
        {
          "index_key": "lhannah-modulebucket_test3",
          "schema_version": 0,
          "attributes": {
            "autoclass": [],
            "cors": [],
            "custom_placement_config": [],
            "default_event_based_hold": false,
            "encryption": [],
            "force_destroy": false,
            "id": "lhannah-modulebucket_test3_dev",
            "labels": {},
            "lifecycle_rule": [
              {
                "action": [
                  {
                    "storage_class": "STANDARD",
                    "type": "SetStorageClass"
                  }
                ],
                "condition": [
                  {
                    "age": 1,
                    "created_before": "",
                    "custom_time_before": "",
                    "days_since_custom_time": 0,
                    "days_since_noncurrent_time": 0,
                    "matches_prefix": [],
                    "matches_storage_class": [],
                    "matches_suffix": [],
                    "noncurrent_time_before": "",
                    "num_newer_versions": 0,
                    "with_state": ""
                  }
                ]
              }
            ],
            "location": "US",
            "logging": [],
            "name": "lhannah-modulebucket_test3_dev",
            "project": "mstr-globalbi-sbx-c730",
            "public_access_prevention": "inherited",
            "requester_pays": false,
            "retention_policy": [],
            "self_link": "https://www.googleapis.com/storage/v1/b/lhannah-modulebucket_test3_dev",
            "storage_class": "STANDARD",
            "timeouts": null,
            "uniform_bucket_level_access": false,
            "url": "gs://lhannah-modulebucket_test3_dev",
            "versioning": [
              {
                "enabled": false
              }
            ],
            "website": []
          },
          "sensitive_attributes": [],
          "private": "eyJlMmJmYjczMC1lY2FhLTExZTYtOGY4OC0zNDM2M2JjN2M0YzAiOnsiY3JlYXRlIjo2MDAwMDAwMDAwMDAsInJlYWQiOjI0MDAwMDAwMDAwMCwidXBkYXRlIjoyNDAwMDAwMDAwMDB9fQ=="
        }
      ]
    },
    {
      "module": "module.lhannah_bucky_test",
      "mode": "managed",
      "type": "google_storage_bucket",
      "name": "bucket",
      "provider": "provider[\"registry.terraform.io/hashicorp/google\"]",
      "instances": [
        {
          "index_key": "lhannah-bucky",
          "schema_version": 0,
          "attributes": {
            "autoclass": [],
            "cors": [],
            "custom_placement_config": [],
            "default_event_based_hold": false,
            "encryption": [],
            "force_destroy": false,
            "id": "lhannah-bucky_qa",
            "labels": {},
            "lifecycle_rule": [
              {
                "action": [
                  {
                    "storage_class": "COLDLINE",
                    "type": "SetStorageClass"
                  }
                ],
                "condition": [
                  {
                    "age": 90,
                    "created_before": "",
                    "custom_time_before": "",
                    "days_since_custom_time": 0,
                    "days_since_noncurrent_time": 0,
                    "matches_prefix": [],
                    "matches_storage_class": [],
                    "matches_suffix": [],
                    "noncurrent_time_before": "",
                    "num_newer_versions": 0,
                    "with_state": ""
                  }
                ]
              }
            ],
            "location": "US-EAST4",
            "logging": [],
            "name": "lhannah-bucky_qa",
            "project": "mstr-globalbi-sbx-c730",
            "public_access_prevention": "inherited",
            "requester_pays": false,
            "retention_policy": [],
            "self_link": "https://www.googleapis.com/storage/v1/b/lhannah-bucky_qa",
            "storage_class": "STANDARD",
            "timeouts": null,
            "uniform_bucket_level_access": false,
            "url": "gs://lhannah-bucky_qa",
            "versioning": [
              {
                "enabled": false
              }
            ],
            "website": []
          },
          "sensitive_attributes": [],
          "private": "eyJlMmJmYjczMC1lY2FhLTExZTYtOGY4OC0zNDM2M2JjN2M0YzAiOnsiY3JlYXRlIjo2MDAwMDAwMDAwMDAsInJlYWQiOjI0MDAwMDAwMDAwMCwidXBkYXRlIjoyNDAwMDAwMDAwMDB9fQ=="
        }
      ]
    },
    {
      "module": "module.lhannah_table_test",
      "mode": "managed",
      "type": "google_bigquery_table",
      "name": "lhannah_table_test",
      "provider": "provider[\"registry.terraform.io/hashicorp/google\"]",
      "instances": [
        {
          "index_key": "prd-lhannah_table_test",
          "schema_version": 0,
          "attributes": {
            "clustering": null,
            "creation_time": 1684501087792,
            "dataset_id": "prd_lhannah_dataset_test",
            "deletion_protection": false,
            "description": "prd-Test",
            "encryption_configuration": [],
            "etag": "0wu3rezpqrcY8kccTfWo/Q==",
            "expiration_time": 0,
            "external_data_configuration": [],
            "friendly_name": "",
            "id": "projects/mstr-globalbi-sbx-c730/datasets/prd_lhannah_dataset_test/tables/prd-lhannah_table_test",
            "labels": {},
            "last_modified_time": 1684501087871,
            "location": "US",
            "materialized_view": [],
            "num_bytes": 0,
            "num_long_term_bytes": 0,
            "num_rows": 0,
            "project": "mstr-globalbi-sbx-c730",
            "range_partitioning": [],
            "schema": "[{\"description\":\"The project that contains the dataset and tables loaded\",\"mode\":\"REQUIRED\",\"name\":\"Project\",\"type\":\"STRING\"},{\"description\":\"The dataset that contains the tables loaded\",\"mode\":\"REQUIRED\",\"name\":\"Dataset\",\"type\":\"STRING\"},{\"description\":\"Table name in the dwh or marts\",\"mode\":\"REQUIRED\",\"name\":\"TableName\",\"type\":\"STRING\"},{\"description\":\"Date/time you want to compare against in data loads to DWH or mart\",\"mode\":\"REQUIRED\",\"name\":\"RunDate\",\"type\":\"TIMESTAMP\"},{\"description\":\"Last date/time table was updated\",\"mode\":\"REQUIRED\",\"name\":\"ETLDate\",\"type\":\"TIMESTAMP\"},{\"description\":\"Flag to specify where full load or not\",\"mode\":\"REQUIRED\",\"name\":\"FullLoad\",\"type\":\"BOOLEAN\"}]",
            "self_link": "https://bigquery.googleapis.com/bigquery/v2/projects/mstr-globalbi-sbx-c730/datasets/prd_lhannah_dataset_test/tables/prd-lhannah_table_test",
            "table_id": "prd-lhannah_table_test",
            "time_partitioning": [
              {
                "expiration_ms": 0,
                "field": "RunDate",
                "require_partition_filter": false,
                "type": "DAY"
              }
            ],
            "type": "TABLE",
            "view": []
          },
          "sensitive_attributes": [],
          "private": "bnVsbA==",
          "dependencies": [
            "module.lhannah_table_test.google_bigquery_table.lhannah_table_testDepends",
            "module.lhannah_table_test.module.lhannah_dataset_test.google_bigquery_dataset.main"
          ]
        },
        {
          "index_key": "prd-lhannah_test_table",
          "schema_version": 0,
          "attributes": {
            "clustering": null,
            "creation_time": 1684501087766,
            "dataset_id": "prd_lhannah_dataset_test",
            "deletion_protection": false,
            "description": "prd-Test",
            "encryption_configuration": [],
            "etag": "GjeZIDgrTHcTHzdXZZ73Lw==",
            "expiration_time": 0,
            "external_data_configuration": [],
            "friendly_name": "",
            "id": "projects/mstr-globalbi-sbx-c730/datasets/prd_lhannah_dataset_test/tables/prd-lhannah_test_table",
            "labels": {},
            "last_modified_time": 1684501087817,
            "location": "US",
            "materialized_view": [],
            "num_bytes": 0,
            "num_long_term_bytes": 0,
            "num_rows": 0,
            "project": "mstr-globalbi-sbx-c730",
            "range_partitioning": [],
            "schema": "[{\"description\":\"The project that contains the dataset and tables loaded\",\"mode\":\"REQUIRED\",\"name\":\"Project\",\"type\":\"STRING\"},{\"description\":\"The dataset that contains the tables loaded\",\"mode\":\"REQUIRED\",\"name\":\"Dataset\",\"type\":\"STRING\"},{\"description\":\"Table name in the dwh or marts\",\"mode\":\"REQUIRED\",\"name\":\"TableName\",\"type\":\"STRING\"},{\"description\":\"Date/time you want to compare against in data loads to DWH or mart\",\"mode\":\"REQUIRED\",\"name\":\"RunDate\",\"type\":\"TIMESTAMP\"},{\"description\":\"Last date/time table was updated\",\"mode\":\"REQUIRED\",\"name\":\"ETLDate\",\"type\":\"TIMESTAMP\"},{\"description\":\"Flag to specify where full load or not\",\"mode\":\"REQUIRED\",\"name\":\"FullLoad\",\"type\":\"BOOLEAN\"}]",
            "self_link": "https://bigquery.googleapis.com/bigquery/v2/projects/mstr-globalbi-sbx-c730/datasets/prd_lhannah_dataset_test/tables/prd-lhannah_test_table",
            "table_id": "prd-lhannah_test_table",
            "time_partitioning": [
              {
                "expiration_ms": 0,
                "field": "RunDate",
                "require_partition_filter": false,
                "type": "DAY"
              }
            ],
            "type": "TABLE",
            "view": []
          },
          "sensitive_attributes": [],
          "private": "bnVsbA==",
          "dependencies": [
            "module.lhannah_table_test.google_bigquery_table.lhannah_table_testDepends",
            "module.lhannah_table_test.module.lhannah_dataset_test.google_bigquery_dataset.main"
          ]
        }
      ]
    },
    {
      "module": "module.lhannah_table_test",
      "mode": "managed",
      "type": "google_bigquery_table",
      "name": "lhannah_table_testDepends",
      "provider": "provider[\"registry.terraform.io/hashicorp/google\"]",
      "instances": [
        {
          "schema_version": 0,
          "attributes": {
            "clustering": null,
            "creation_time": 1684501087076,
            "dataset_id": "prd_lhannah_dataset_test",
            "deletion_protection": false,
            "description": "prd-Test",
            "encryption_configuration": [],
            "etag": "TUr3orDSjxnzObbQpPsEmQ==",
            "expiration_time": 0,
            "external_data_configuration": [],
            "friendly_name": "",
            "id": "projects/mstr-globalbi-sbx-c730/datasets/prd_lhannah_dataset_test/tables/lhannah_table_test-depends",
            "labels": {},
            "last_modified_time": 1684501087150,
            "location": "US",
            "materialized_view": [],
            "num_bytes": 0,
            "num_long_term_bytes": 0,
            "num_rows": 0,
            "project": "mstr-globalbi-sbx-c730",
            "range_partitioning": [],
            "schema": "[{\"description\":\"The project that contains the dataset and tables loaded\",\"mode\":\"REQUIRED\",\"name\":\"Project\",\"type\":\"STRING\"},{\"description\":\"The dataset that contains the tables loaded\",\"mode\":\"REQUIRED\",\"name\":\"Dataset\",\"type\":\"STRING\"},{\"description\":\"Table name in the dwh or marts\",\"mode\":\"REQUIRED\",\"name\":\"TableName\",\"type\":\"STRING\"},{\"description\":\"Date/time you want to compare against in data loads to DWH or mart\",\"mode\":\"REQUIRED\",\"name\":\"RunDate\",\"type\":\"TIMESTAMP\"},{\"description\":\"Last date/time table was updated\",\"mode\":\"REQUIRED\",\"name\":\"ETLDate\",\"type\":\"TIMESTAMP\"},{\"description\":\"Flag to specify where full load or not\",\"mode\":\"REQUIRED\",\"name\":\"FullLoad\",\"type\":\"BOOLEAN\"}]",
            "self_link": "https://bigquery.googleapis.com/bigquery/v2/projects/mstr-globalbi-sbx-c730/datasets/prd_lhannah_dataset_test/tables/lhannah_table_test-depends",
            "table_id": "lhannah_table_test-depends",
            "time_partitioning": [
              {
                "expiration_ms": 0,
                "field": "RunDate",
                "require_partition_filter": false,
                "type": "DAY"
              }
            ],
            "type": "TABLE",
            "view": []
          },
          "sensitive_attributes": [],
          "private": "bnVsbA==",
          "dependencies": [
            "module.lhannah_table_test.module.lhannah_dataset_test.google_bigquery_dataset.main"
          ]
        }
      ]
    },
    {
      "module": "module.lhannah_table_test.module.lhannah_dataset_test",
      "mode": "managed",
      "type": "google_bigquery_dataset",
      "name": "main",
      "provider": "provider[\"registry.terraform.io/hashicorp/google\"]",
      "instances": [
        {
          "schema_version": 0,
          "attributes": {
            "access": [
              {
                "dataset": [],
                "domain": "",
                "group_by_email": "",
                "role": "OWNER",
                "routine": [],
                "special_group": "projectOwners",
                "user_by_email": "",
                "view": []
              }
            ],
            "creation_time": 1684501086438,
            "dataset_id": "prd_lhannah_dataset_test",
            "default_collation": "",
            "default_encryption_configuration": [],
            "default_partition_expiration_ms": 0,
            "default_table_expiration_ms": 0,
            "delete_contents_on_destroy": false,
            "description": "prd-Test",
            "etag": "SRAl7+KXkTSUa+myGSJK8g==",
            "friendly_name": "prd_lhannah_dataset_test",
            "id": "projects/mstr-globalbi-sbx-c730/datasets/prd_lhannah_dataset_test",
            "is_case_insensitive": false,
            "labels": {},
            "last_modified_time": 1684501086438,
            "location": "US",
            "max_time_travel_hours": "",
            "project": "mstr-globalbi-sbx-c730",
            "self_link": "https://bigquery.googleapis.com/bigquery/v2/projects/mstr-globalbi-sbx-c730/datasets/prd_lhannah_dataset_test",
            "timeouts": null
          },
          "sensitive_attributes": [],
          "private": "eyJlMmJmYjczMC1lY2FhLTExZTYtOGY4OC0zNDM2M2JjN2M0YzAiOnsiY3JlYXRlIjoxMjAwMDAwMDAwMDAwLCJkZWxldGUiOjEyMDAwMDAwMDAwMDAsInVwZGF0ZSI6MTIwMDAwMDAwMDAwMH19"
        }
      ]
    }
  ],
  "check_results": null
}
