{
  "version": 4,
  "terraform_version": "1.4.2",
  "serial": 117,
  "lineage": "11bdced1-5835-dc37-0783-fc3ebe321cc3",
  "outputs": {
    "full_content": {
      "value": "10 / delicate-joey / white / Brooke / 12 ",
      "type": "string"
    },
    "r_int": {
      "value": 1,
      "type": "number"
    },
    "r_pet": {
      "value": "delicate-joey",
      "type": "string"
    },
    "r_str": {
      "value": "M3*sCSYSi6H-l!\u0026IBg9?lYV*fd{\u003cRWAwLxk{ka?(9![W+x9R{m0p*KFqWsLf]\u003e$X=8=:\u003c!%CF*w\u003c@ckF$2GwRw5@I!=wU7qMk7yX",
      "type": "string"
    },
    "source_file_name": {
      "value": "files/var_file.txt",
      "type": "string"
    }
  },
  "resources": [
    {
      "mode": "data",
      "type": "local_file",
      "name": "source_file_name",
      "provider": "provider[\"registry.terraform.io/hashicorp/local\"]",
      "instances": [
        {
          "schema_version": 0,
          "attributes": {
            "content": "10 / delicate-joey / white / Brooke / 12 ",
            "content_base64": "MTAgLyBkZWxpY2F0ZS1qb2V5IC8gd2hpdGUgLyBCcm9va2UgLyAxMiA=",
            "content_base64sha256": "R+2Nmy3mCGcEXi+OWHrjoeKujpMBFL0Y+5m2oobDdw4=",
            "content_base64sha512": "rhqgOzOAk/aT1M7WvxvoG7YH8ahgAZR0V67lnjcnkRTtWF88dMoDFAZHWNeWXyxFfjUMqrNPUZ09nfycywQtRg==",
            "content_md5": "6341463916f3a67d8e6f72d993038de3",
            "content_sha1": "9532f763a53e7d698d724eea55588fd16952eb07",
            "content_sha256": "47ed8d9b2de60867045e2f8e587ae3a1e2ae8e930114bd18fb99b6a286c3770e",
            "content_sha512": "ae1aa03b338093f693d4ced6bf1be81bb607f1a86001947457aee59e37279114ed585f3c74ca0314064758d7965f2c457e350caab34f519d3d9dfc9ccb042d46",
            "filename": "files/var_file.txt",
            "id": "9532f763a53e7d698d724eea55588fd16952eb07"
          },
          "sensitive_attributes": []
        }
      ]
    },
    {
      "mode": "managed",
      "type": "google_storage_bucket",
      "name": "storage_bucket_name",
      "provider": "provider[\"registry.terraform.io/hashicorp/google\"]",
      "instances": [
        {
          "schema_version": 1,
          "attributes": {
            "autoclass": [
              {
                "enabled": true,
                "terminal_storage_class": "NEARLINE"
              }
            ],
            "cors": [],
            "custom_placement_config": [],
            "default_event_based_hold": false,
            "effective_labels": {
              "creator": "leehann",
              "env": "sbx",
              "owner": "leehann",
              "use": "training"
            },
            "encryption": [],
            "force_destroy": true,
            "id": "bck-lh-training-bucket",
            "labels": {
              "creator": "leehann",
              "env": "sbx",
              "owner": "leehann",
              "use": "training"
            },
            "lifecycle_rule": [
              {
                "action": [
                  {
                    "storage_class": "",
                    "type": "Delete"
                  }
                ],
                "condition": [
                  {
                    "age": 1,
                    "created_before": "",
                    "custom_time_before": "",
                    "days_since_custom_time": 0,
                    "days_since_noncurrent_time": 0,
                    "matches_prefix": [],
                    "matches_storage_class": [],
                    "matches_suffix": [],
                    "noncurrent_time_before": "",
                    "num_newer_versions": 0,
                    "with_state": "ANY"
                  }
                ]
              }
            ],
            "location": "US",
            "logging": [],
            "name": "bck-lh-training-bucket",
            "project": "mstr-globalbi-sbx-c730",
            "public_access_prevention": "inherited",
            "requester_pays": false,
            "retention_policy": [],
            "self_link": "https://www.googleapis.com/storage/v1/b/bck-lh-training-bucket",
            "storage_class": "STANDARD",
            "terraform_labels": {
              "creator": "leehann",
              "env": "sbx",
              "owner": "leehann",
              "use": "training"
            },
            "timeouts": null,
            "uniform_bucket_level_access": false,
            "url": "gs://bck-lh-training-bucket",
            "versioning": [],
            "website": []
          },
          "sensitive_attributes": [],
          "private": "eyJlMmJmYjczMC1lY2FhLTExZTYtOGY4OC0zNDM2M2JjN2M0YzAiOnsiY3JlYXRlIjo2MDAwMDAwMDAwMDAsInJlYWQiOjI0MDAwMDAwMDAwMCwidXBkYXRlIjoyNDAwMDAwMDAwMDB9LCJzY2hlbWFfdmVyc2lvbiI6IjEifQ=="
        }
      ]
    },
    {
      "mode": "managed",
      "type": "local_file",
      "name": "local_file_training",
      "provider": "provider[\"registry.terraform.io/hashicorp/local\"]",
      "instances": [
        {
          "schema_version": 0,
          "attributes": {
            "content": "10 / delicate-joey / white / Brooke / 12 ",
            "content_base64": null,
            "content_base64sha256": "R+2Nmy3mCGcEXi+OWHrjoeKujpMBFL0Y+5m2oobDdw4=",
            "content_base64sha512": "rhqgOzOAk/aT1M7WvxvoG7YH8ahgAZR0V67lnjcnkRTtWF88dMoDFAZHWNeWXyxFfjUMqrNPUZ09nfycywQtRg==",
            "content_md5": "6341463916f3a67d8e6f72d993038de3",
            "content_sha1": "9532f763a53e7d698d724eea55588fd16952eb07",
            "content_sha256": "47ed8d9b2de60867045e2f8e587ae3a1e2ae8e930114bd18fb99b6a286c3770e",
            "content_sha512": "ae1aa03b338093f693d4ced6bf1be81bb607f1a86001947457aee59e37279114ed585f3c74ca0314064758d7965f2c457e350caab34f519d3d9dfc9ccb042d46",
            "directory_permission": "0777",
            "file_permission": "0777",
            "filename": "files/var_file.txt",
            "id": "9532f763a53e7d698d724eea55588fd16952eb07",
            "sensitive_content": null,
            "source": null
          },
          "sensitive_attributes": [],
          "dependencies": [
            "random_integer.r_int",
            "random_pet.r_pet"
          ]
        }
      ]
    },
    {
      "mode": "managed",
      "type": "random_integer",
      "name": "r_int",
      "provider": "provider[\"registry.terraform.io/hashicorp/random\"]",
      "instances": [
        {
          "schema_version": 0,
          "attributes": {
            "id": "1",
            "keepers": null,
            "max": 2,
            "min": 0,
            "result": 1,
            "seed": null
          },
          "sensitive_attributes": []
        }
      ]
    },
    {
      "mode": "managed",
      "type": "random_pet",
      "name": "r_pet",
      "provider": "provider[\"registry.terraform.io/hashicorp/random\"]",
      "instances": [
        {
          "schema_version": 0,
          "attributes": {
            "id": "delicate-joey",
            "keepers": null,
            "length": 2,
            "prefix": null,
            "separator": "-"
          },
          "sensitive_attributes": []
        }
      ]
    },
    {
      "mode": "managed",
      "type": "random_string",
      "name": "r_str",
      "provider": "provider[\"registry.terraform.io/hashicorp/random\"]",
      "instances": [
        {
          "schema_version": 2,
          "attributes": {
            "id": "M3*sCSYSi6H-l!\u0026IBg9?lYV*fd{\u003cRWAwLxk{ka?(9![W+x9R{m0p*KFqWsLf]\u003e$X=8=:\u003c!%CF*w\u003c@ckF$2GwRw5@I!=wU7qMk7yX",
            "keepers": null,
            "length": 100,
            "lower": true,
            "min_lower": 0,
            "min_numeric": 0,
            "min_special": 0,
            "min_upper": 0,
            "number": true,
            "numeric": true,
            "override_special": null,
            "result": "M3*sCSYSi6H-l!\u0026IBg9?lYV*fd{\u003cRWAwLxk{ka?(9![W+x9R{m0p*KFqWsLf]\u003e$X=8=:\u003c!%CF*w\u003c@ckF$2GwRw5@I!=wU7qMk7yX",
            "special": true,
            "upper": true
          },
          "sensitive_attributes": []
        }
      ]
    }
  ],
  "check_results": null
}
